// !$*UTF8*$!
{
	archiveVersion = 1;
	classes = {
	};
	objectVersion = 55;
	objects = {

/* Begin PBXBuildFile section */
		9D499BE727FDA75F007B4647 /* AppDelegate.swift in Sources */ = {isa = PBXBuildFile; fileRef = 9D499BE627FDA75F007B4647 /* AppDelegate.swift */; };
		9D499BE927FDA75F007B4647 /* SceneDelegate.swift in Sources */ = {isa = PBXBuildFile; fileRef = 9D499BE827FDA75F007B4647 /* SceneDelegate.swift */; };
		9D499BEB27FDA75F007B4647 /* HomeViewController.swift in Sources */ = {isa = PBXBuildFile; fileRef = 9D499BEA27FDA75F007B4647 /* HomeViewController.swift */; };
		9D499BEE27FDA75F007B4647 /* Main.storyboard in Resources */ = {isa = PBXBuildFile; fileRef = 9D499BEC27FDA75F007B4647 /* Main.storyboard */; };
		9D499BF027FDA760007B4647 /* Assets.xcassets in Resources */ = {isa = PBXBuildFile; fileRef = 9D499BEF27FDA760007B4647 /* Assets.xcassets */; };
		9D499BF327FDA760007B4647 /* LaunchScreen.storyboard in Resources */ = {isa = PBXBuildFile; fileRef = 9D499BF127FDA760007B4647 /* LaunchScreen.storyboard */; };
		9D499C0027FDCB7A007B4647 /* ExploreViewController.swift in Sources */ = {isa = PBXBuildFile; fileRef = 9D499BFF27FDCB7A007B4647 /* ExploreViewController.swift */; };
		9D499C0227FDD00B007B4647 /* CameraViewController.swift in Sources */ = {isa = PBXBuildFile; fileRef = 9D499C0127FDD00B007B4647 /* CameraViewController.swift */; };
		9D499C0427FDD059007B4647 /* NotificationsViewController.swift in Sources */ = {isa = PBXBuildFile; fileRef = 9D499C0327FDD059007B4647 /* NotificationsViewController.swift */; };
		9D499C0627FDD06D007B4647 /* ProfileViewController.swift in Sources */ = {isa = PBXBuildFile; fileRef = 9D499C0527FDD06D007B4647 /* ProfileViewController.swift */; };
		9D499C0A27FDD1A6007B4647 /* LoginViewController.swift in Sources */ = {isa = PBXBuildFile; fileRef = 9D499C0927FDD1A6007B4647 /* LoginViewController.swift */; };
		9D499C0D27FDD1D8007B4647 /* RegistrationViewController.swift in Sources */ = {isa = PBXBuildFile; fileRef = 9D499C0C27FDD1D8007B4647 /* RegistrationViewController.swift */; };
		9D499C0F27FDD1FF007B4647 /* PostViewController.swift in Sources */ = {isa = PBXBuildFile; fileRef = 9D499C0E27FDD1FF007B4647 /* PostViewController.swift */; };
		9D499C1127FDD223007B4647 /* EditProfileViewController.swift in Sources */ = {isa = PBXBuildFile; fileRef = 9D499C1027FDD223007B4647 /* EditProfileViewController.swift */; };
		9D499C1327FDD23F007B4647 /* SettingsViewController.swift in Sources */ = {isa = PBXBuildFile; fileRef = 9D499C1227FDD23F007B4647 /* SettingsViewController.swift */; };
		9D499C1527FDD27E007B4647 /* ListViewController.swift in Sources */ = {isa = PBXBuildFile; fileRef = 9D499C1427FDD27E007B4647 /* ListViewController.swift */; };
		9D499C1727FDD28D007B4647 /* SearchViewController.swift in Sources */ = {isa = PBXBuildFile; fileRef = 9D499C1627FDD28D007B4647 /* SearchViewController.swift */; };
		9D499C1927FDD2AA007B4647 /* SearchResultViewController.swift in Sources */ = {isa = PBXBuildFile; fileRef = 9D499C1827FDD2AA007B4647 /* SearchResultViewController.swift */; };
		9D499C1B27FDD301007B4647 /* PostEditorViewController.swift in Sources */ = {isa = PBXBuildFile; fileRef = 9D499C1A27FDD301007B4647 /* PostEditorViewController.swift */; };
		9D499C1D27FDD33D007B4647 /* PublishPostViewController.swift in Sources */ = {isa = PBXBuildFile; fileRef = 9D499C1C27FDD33D007B4647 /* PublishPostViewController.swift */; };
		B11B2BB988B0DA471EE110A7 /* Pods_instagramClone.framework in Frameworks */ = {isa = PBXBuildFile; fileRef = 9E82110F74A2D32C7B47B199 /* Pods_instagramClone.framework */; };
/* End PBXBuildFile section */

/* Begin PBXFileReference section */
		3E42B99017578393938FBB86 /* Pods-instagramClone.debug.xcconfig */ = {isa = PBXFileReference; includeInIndex = 1; lastKnownFileType = text.xcconfig; name = "Pods-instagramClone.debug.xcconfig"; path = "Target Support Files/Pods-instagramClone/Pods-instagramClone.debug.xcconfig"; sourceTree = "<group>"; };
		9D499BE327FDA75F007B4647 /* instagramClone.app */ = {isa = PBXFileReference; explicitFileType = wrapper.application; includeInIndex = 0; path = instagramClone.app; sourceTree = BUILT_PRODUCTS_DIR; };
		9D499BE627FDA75F007B4647 /* AppDelegate.swift */ = {isa = PBXFileReference; lastKnownFileType = sourcecode.swift; path = AppDelegate.swift; sourceTree = "<group>"; };
		9D499BE827FDA75F007B4647 /* SceneDelegate.swift */ = {isa = PBXFileReference; lastKnownFileType = sourcecode.swift; path = SceneDelegate.swift; sourceTree = "<group>"; };
		9D499BEA27FDA75F007B4647 /* HomeViewController.swift */ = {isa = PBXFileReference; lastKnownFileType = sourcecode.swift; path = HomeViewController.swift; sourceTree = "<group>"; };
		9D499BED27FDA75F007B4647 /* Base */ = {isa = PBXFileReference; lastKnownFileType = file.storyboard; name = Base; path = Base.lproj/Main.storyboard; sourceTree = "<group>"; };
		9D499BEF27FDA760007B4647 /* Assets.xcassets */ = {isa = PBXFileReference; lastKnownFileType = folder.assetcatalog; path = Assets.xcassets; sourceTree = "<group>"; };
		9D499BF227FDA760007B4647 /* Base */ = {isa = PBXFileReference; lastKnownFileType = file.storyboard; name = Base; path = Base.lproj/LaunchScreen.storyboard; sourceTree = "<group>"; };
		9D499BF427FDA761007B4647 /* Info.plist */ = {isa = PBXFileReference; lastKnownFileType = text.plist.xml; path = Info.plist; sourceTree = "<group>"; };
		9D499BFF27FDCB7A007B4647 /* ExploreViewController.swift */ = {isa = PBXFileReference; lastKnownFileType = sourcecode.swift; path = ExploreViewController.swift; sourceTree = "<group>"; };
		9D499C0127FDD00B007B4647 /* CameraViewController.swift */ = {isa = PBXFileReference; lastKnownFileType = sourcecode.swift; path = CameraViewController.swift; sourceTree = "<group>"; };
		9D499C0327FDD059007B4647 /* NotificationsViewController.swift */ = {isa = PBXFileReference; lastKnownFileType = sourcecode.swift; path = NotificationsViewController.swift; sourceTree = "<group>"; };
		9D499C0527FDD06D007B4647 /* ProfileViewController.swift */ = {isa = PBXFileReference; lastKnownFileType = sourcecode.swift; path = ProfileViewController.swift; sourceTree = "<group>"; };
		9D499C0927FDD1A6007B4647 /* LoginViewController.swift */ = {isa = PBXFileReference; lastKnownFileType = sourcecode.swift; path = LoginViewController.swift; sourceTree = "<group>"; };
		9D499C0C27FDD1D8007B4647 /* RegistrationViewController.swift */ = {isa = PBXFileReference; lastKnownFileType = sourcecode.swift; path = RegistrationViewController.swift; sourceTree = "<group>"; };
		9D499C0E27FDD1FF007B4647 /* PostViewController.swift */ = {isa = PBXFileReference; lastKnownFileType = sourcecode.swift; path = PostViewController.swift; sourceTree = "<group>"; };
		9D499C1027FDD223007B4647 /* EditProfileViewController.swift */ = {isa = PBXFileReference; lastKnownFileType = sourcecode.swift; path = EditProfileViewController.swift; sourceTree = "<group>"; };
		9D499C1227FDD23F007B4647 /* SettingsViewController.swift */ = {isa = PBXFileReference; lastKnownFileType = sourcecode.swift; path = SettingsViewController.swift; sourceTree = "<group>"; };
		9D499C1427FDD27E007B4647 /* ListViewController.swift */ = {isa = PBXFileReference; lastKnownFileType = sourcecode.swift; path = ListViewController.swift; sourceTree = "<group>"; };
		9D499C1627FDD28D007B4647 /* SearchViewController.swift */ = {isa = PBXFileReference; lastKnownFileType = sourcecode.swift; path = SearchViewController.swift; sourceTree = "<group>"; };
		9D499C1827FDD2AA007B4647 /* SearchResultViewController.swift */ = {isa = PBXFileReference; lastKnownFileType = sourcecode.swift; path = SearchResultViewController.swift; sourceTree = "<group>"; };
		9D499C1A27FDD301007B4647 /* PostEditorViewController.swift */ = {isa = PBXFileReference; lastKnownFileType = sourcecode.swift; path = PostEditorViewController.swift; sourceTree = "<group>"; };
		9D499C1C27FDD33D007B4647 /* PublishPostViewController.swift */ = {isa = PBXFileReference; lastKnownFileType = sourcecode.swift; path = PublishPostViewController.swift; sourceTree = "<group>"; };
		9E82110F74A2D32C7B47B199 /* Pods_instagramClone.framework */ = {isa = PBXFileReference; explicitFileType = wrapper.framework; includeInIndex = 0; path = Pods_instagramClone.framework; sourceTree = BUILT_PRODUCTS_DIR; };
		FB88096FDBF51C2F26839B3E /* Pods-instagramClone.release.xcconfig */ = {isa = PBXFileReference; includeInIndex = 1; lastKnownFileType = text.xcconfig; name = "Pods-instagramClone.release.xcconfig"; path = "Target Support Files/Pods-instagramClone/Pods-instagramClone.release.xcconfig"; sourceTree = "<group>"; };
/* End PBXFileReference section */

/* Begin PBXFrameworksBuildPhase section */
		9D499BE027FDA75F007B4647 /* Frameworks */ = {
			isa = PBXFrameworksBuildPhase;
			buildActionMask = 2147483647;
			files = (
				B11B2BB988B0DA471EE110A7 /* Pods_instagramClone.framework in Frameworks */,
			);
			runOnlyForDeploymentPostprocessing = 0;
		};
/* End PBXFrameworksBuildPhase section */

/* Begin PBXGroup section */
		7F95C8EA68E9A51C89EEDC4B /* Pods */ = {
			isa = PBXGroup;
			children = (
				3E42B99017578393938FBB86 /* Pods-instagramClone.debug.xcconfig */,
				FB88096FDBF51C2F26839B3E /* Pods-instagramClone.release.xcconfig */,
			);
			name = Pods;
			path = Pods;
			sourceTree = "<group>";
		};
		9D499BDA27FDA75F007B4647 = {
			isa = PBXGroup;
			children = (
				9D499BE527FDA75F007B4647 /* instagramClone */,
				9D499BE427FDA75F007B4647 /* Products */,
				7F95C8EA68E9A51C89EEDC4B /* Pods */,
				C9BB0A573786B26D0F17DE91 /* Frameworks */,
			);
			sourceTree = "<group>";
		};
		9D499BE427FDA75F007B4647 /* Products */ = {
			isa = PBXGroup;
			children = (
				9D499BE327FDA75F007B4647 /* instagramClone.app */,
			);
			name = Products;
			sourceTree = "<group>";
		};
		9D499BE527FDA75F007B4647 /* instagramClone */ = {
			isa = PBXGroup;
			children = (
				9D499BFB27FDA76C007B4647 /* Views */,
				9D499BFD27FDA799007B4647 /* Resources */,
				9D499BFC27FDA771007B4647 /* Controllers */,
				9D499BFA27FDA765007B4647 /* Models */,
				9D499BF427FDA761007B4647 /* Info.plist */,
			);
			path = instagramClone;
			sourceTree = "<group>";
		};
		9D499BFA27FDA765007B4647 /* Models */ = {
			isa = PBXGroup;
			children = (
			);
			path = Models;
			sourceTree = "<group>";
		};
		9D499BFB27FDA76C007B4647 /* Views */ = {
			isa = PBXGroup;
			children = (
				9D499BFE27FDA7B2007B4647 /* Storyboards */,
				9D499BEF27FDA760007B4647 /* Assets.xcassets */,
			);
			path = Views;
			sourceTree = "<group>";
		};
		9D499BFC27FDA771007B4647 /* Controllers */ = {
			isa = PBXGroup;
			children = (
				9D499C0B27FDD1C1007B4647 /* Other */,
			);
			path = Controllers;
			sourceTree = "<group>";
		};
		9D499BFD27FDA799007B4647 /* Resources */ = {
			isa = PBXGroup;
			children = (
				9D499BE627FDA75F007B4647 /* AppDelegate.swift */,
				9D499BE827FDA75F007B4647 /* SceneDelegate.swift */,
			);
			path = Resources;
			sourceTree = "<group>";
		};
		9D499BFE27FDA7B2007B4647 /* Storyboards */ = {
			isa = PBXGroup;
			children = (
				9D499BEC27FDA75F007B4647 /* Main.storyboard */,
				9D499BF127FDA760007B4647 /* LaunchScreen.storyboard */,
			);
			path = Storyboards;
			sourceTree = "<group>";
		};
		9D499C0727FDD07A007B4647 /* Core viewControllers */ = {
			isa = PBXGroup;
			children = (
				9D499BEA27FDA75F007B4647 /* HomeViewController.swift */,
				9D499BFF27FDCB7A007B4647 /* ExploreViewController.swift */,
				9D499C0127FDD00B007B4647 /* CameraViewController.swift */,
				9D499C0327FDD059007B4647 /* NotificationsViewController.swift */,
				9D499C0527FDD06D007B4647 /* ProfileViewController.swift */,
			);
			path = "Core viewControllers";
			sourceTree = "<group>";
		};
		9D499C0827FDD18A007B4647 /* OnBoarding */ = {
			isa = PBXGroup;
			children = (
				9D499C0927FDD1A6007B4647 /* LoginViewController.swift */,
				9D499C0C27FDD1D8007B4647 /* RegistrationViewController.swift */,
			);
			path = OnBoarding;
			sourceTree = "<group>";
		};
		9D499C0B27FDD1C1007B4647 /* Other */ = {
			isa = PBXGroup;
			children = (
				9D499C0727FDD07A007B4647 /* Core viewControllers */,
				9D499C0827FDD18A007B4647 /* OnBoarding */,
				9D499C0E27FDD1FF007B4647 /* PostViewController.swift */,
				9D499C1027FDD223007B4647 /* EditProfileViewController.swift */,
				9D499C1227FDD23F007B4647 /* SettingsViewController.swift */,
				9D499C1427FDD27E007B4647 /* ListViewController.swift */,
				9D499C1627FDD28D007B4647 /* SearchViewController.swift */,
				9D499C1827FDD2AA007B4647 /* SearchResultViewController.swift */,
				9D499C1A27FDD301007B4647 /* PostEditorViewController.swift */,
				9D499C1C27FDD33D007B4647 /* PublishPostViewController.swift */,
			);
			path = Other;
			sourceTree = "<group>";
		};
		C9BB0A573786B26D0F17DE91 /* Frameworks */ = {
			isa = PBXGroup;
			children = (
				9E82110F74A2D32C7B47B199 /* Pods_instagramClone.framework */,
			);
			name = Frameworks;
			sourceTree = "<group>";
		};
/* End PBXGroup section */

/* Begin PBXNativeTarget section */
		9D499BE227FDA75F007B4647 /* instagramClone */ = {
			isa = PBXNativeTarget;
			buildConfigurationList = 9D499BF727FDA761007B4647 /* Build configuration list for PBXNativeTarget "instagramClone" */;
			buildPhases = (
				F8B1705B02318A8C7D7121EA /* [CP] Check Pods Manifest.lock */,
				9D499BDF27FDA75F007B4647 /* Sources */,
				9D499BE027FDA75F007B4647 /* Frameworks */,
				9D499BE127FDA75F007B4647 /* Resources */,
				E2C43354631C7AC0A7826572 /* [CP] Embed Pods Frameworks */,
			);
			buildRules = (
			);
			dependencies = (
			);
			name = instagramClone;
			productName = instagramClone;
			productReference = 9D499BE327FDA75F007B4647 /* instagramClone.app */;
			productType = "com.apple.product-type.application";
		};
/* End PBXNativeTarget section */

/* Begin PBXProject section */
		9D499BDB27FDA75F007B4647 /* Project object */ = {
			isa = PBXProject;
			attributes = {
				BuildIndependentTargetsInParallel = 1;
				LastSwiftUpdateCheck = 1330;
				LastUpgradeCheck = 1330;
				TargetAttributes = {
					9D499BE227FDA75F007B4647 = {
						CreatedOnToolsVersion = 13.3;
					};
				};
			};
			buildConfigurationList = 9D499BDE27FDA75F007B4647 /* Build configuration list for PBXProject "instagramClone" */;
			compatibilityVersion = "Xcode 13.0";
			developmentRegion = en;
			hasScannedForEncodings = 0;
			knownRegions = (
				en,
				Base,
			);
			mainGroup = 9D499BDA27FDA75F007B4647;
			productRefGroup = 9D499BE427FDA75F007B4647 /* Products */;
			projectDirPath = "";
			projectRoot = "";
			targets = (
				9D499BE227FDA75F007B4647 /* instagramClone */,
			);
		};
/* End PBXProject section */

/* Begin PBXResourcesBuildPhase section */
		9D499BE127FDA75F007B4647 /* Resources */ = {
			isa = PBXResourcesBuildPhase;
			buildActionMask = 2147483647;
			files = (
				9D499BF327FDA760007B4647 /* LaunchScreen.storyboard in Resources */,
				9D499BF027FDA760007B4647 /* Assets.xcassets in Resources */,
				9D499BEE27FDA75F007B4647 /* Main.storyboard in Resources */,
			);
			runOnlyForDeploymentPostprocessing = 0;
		};
/* End PBXResourcesBuildPhase section */

/* Begin PBXShellScriptBuildPhase section */
		E2C43354631C7AC0A7826572 /* [CP] Embed Pods Frameworks */ = {
			isa = PBXShellScriptBuildPhase;
			buildActionMask = 2147483647;
			files = (
			);
			inputFileListPaths = (
				"${PODS_ROOT}/Target Support Files/Pods-instagramClone/Pods-instagramClone-frameworks-${CONFIGURATION}-input-files.xcfilelist",
			);
			name = "[CP] Embed Pods Frameworks";
			outputFileListPaths = (
				"${PODS_ROOT}/Target Support Files/Pods-instagramClone/Pods-instagramClone-frameworks-${CONFIGURATION}-output-files.xcfilelist",
			);
			runOnlyForDeploymentPostprocessing = 0;
			shellPath = /bin/sh;
			shellScript = "\"${PODS_ROOT}/Target Support Files/Pods-instagramClone/Pods-instagramClone-frameworks.sh\"\n";
			showEnvVarsInLog = 0;
		};
		F8B1705B02318A8C7D7121EA /* [CP] Check Pods Manifest.lock */ = {
			isa = PBXShellScriptBuildPhase;
			buildActionMask = 2147483647;
			files = (
			);
			inputFileListPaths = (
			);
			inputPaths = (
				"${PODS_PODFILE_DIR_PATH}/Podfile.lock",
				"${PODS_ROOT}/Manifest.lock",
			);
			name = "[CP] Check Pods Manifest.lock";
			outputFileListPaths = (
			);
			outputPaths = (
				"$(DERIVED_FILE_DIR)/Pods-instagramClone-checkManifestLockResult.txt",
			);
			runOnlyForDeploymentPostprocessing = 0;
			shellPath = /bin/sh;
			shellScript = "diff \"${PODS_PODFILE_DIR_PATH}/Podfile.lock\" \"${PODS_ROOT}/Manifest.lock\" > /dev/null\nif [ $? != 0 ] ; then\n    # print error to STDERR\n    echo \"error: The sandbox is not in sync with the Podfile.lock. Run 'pod install' or update your CocoaPods installation.\" >&2\n    exit 1\nfi\n# This output is used by Xcode 'outputs' to avoid re-running this script phase.\necho \"SUCCESS\" > \"${SCRIPT_OUTPUT_FILE_0}\"\n";
			showEnvVarsInLog = 0;
		};
/* End PBXShellScriptBuildPhase section */

/* Begin PBXSourcesBuildPhase section */
		9D499BDF27FDA75F007B4647 /* Sources */ = {
			isa = PBXSourcesBuildPhase;
			buildActionMask = 2147483647;
			files = (
				9D499C1127FDD223007B4647 /* EditProfileViewController.swift in Sources */,
				9D499C0027FDCB7A007B4647 /* ExploreViewController.swift in Sources */,
				9D499C1D27FDD33D007B4647 /* PublishPostViewController.swift in Sources */,
				9D499C0227FDD00B007B4647 /* CameraViewController.swift in Sources */,
				9D499BEB27FDA75F007B4647 /* HomeViewController.swift in Sources */,
				9D499C0D27FDD1D8007B4647 /* RegistrationViewController.swift in Sources */,
				9D499C1B27FDD301007B4647 /* PostEditorViewController.swift in Sources */,
				9D499C0F27FDD1FF007B4647 /* PostViewController.swift in Sources */,
				9D499C0427FDD059007B4647 /* NotificationsViewController.swift in Sources */,
				9D499C1927FDD2AA007B4647 /* SearchResultViewController.swift in Sources */,
				9D499C0A27FDD1A6007B4647 /* LoginViewController.swift in Sources */,
				9D499C1727FDD28D007B4647 /* SearchViewController.swift in Sources */,
				9D499C0627FDD06D007B4647 /* ProfileViewController.swift in Sources */,
				9D499BE727FDA75F007B4647 /* AppDelegate.swift in Sources */,
				9D499BE927FDA75F007B4647 /* SceneDelegate.swift in Sources */,
				9D499C1527FDD27E007B4647 /* ListViewController.swift in Sources */,
				9D499C1327FDD23F007B4647 /* SettingsViewController.swift in Sources */,
			);
			runOnlyForDeploymentPostprocessing = 0;
		};
/* End PBXSourcesBuildPhase section */

/* Begin PBXVariantGroup section */
		9D499BEC27FDA75F007B4647 /* Main.storyboard */ = {
			isa = PBXVariantGroup;
			children = (
				9D499BED27FDA75F007B4647 /* Base */,
			);
			name = Main.storyboard;
			sourceTree = "<group>";
		};
		9D499BF127FDA760007B4647 /* LaunchScreen.storyboard */ = {
			isa = PBXVariantGroup;
			children = (
				9D499BF227FDA760007B4647 /* Base */,
			);
			name = LaunchScreen.storyboard;
			sourceTree = "<group>";
		};
/* End PBXVariantGroup section */

/* Begin XCBuildConfiguration section */
		9D499BF527FDA761007B4647 /* Debug */ = {
			isa = XCBuildConfiguration;
			buildSettings = {
				ALWAYS_SEARCH_USER_PATHS = NO;
				CLANG_ANALYZER_NONNULL = YES;
				CLANG_ANALYZER_NUMBER_OBJECT_CONVERSION = YES_AGGRESSIVE;
				CLANG_CXX_LANGUAGE_STANDARD = "gnu++17";
				CLANG_ENABLE_MODULES = YES;
				CLANG_ENABLE_OBJC_ARC = YES;
				CLANG_ENABLE_OBJC_WEAK = YES;
				CLANG_WARN_BLOCK_CAPTURE_AUTORELEASING = YES;
				CLANG_WARN_BOOL_CONVERSION = YES;
				CLANG_WARN_COMMA = YES;
				CLANG_WARN_CONSTANT_CONVERSION = YES;
				CLANG_WARN_DEPRECATED_OBJC_IMPLEMENTATIONS = YES;
				CLANG_WARN_DIRECT_OBJC_ISA_USAGE = YES_ERROR;
				CLANG_WARN_DOCUMENTATION_COMMENTS = YES;
				CLANG_WARN_EMPTY_BODY = YES;
				CLANG_WARN_ENUM_CONVERSION = YES;
				CLANG_WARN_INFINITE_RECURSION = YES;
				CLANG_WARN_INT_CONVERSION = YES;
				CLANG_WARN_NON_LITERAL_NULL_CONVERSION = YES;
				CLANG_WARN_OBJC_IMPLICIT_RETAIN_SELF = YES;
				CLANG_WARN_OBJC_LITERAL_CONVERSION = YES;
				CLANG_WARN_OBJC_ROOT_CLASS = YES_ERROR;
				CLANG_WARN_QUOTED_INCLUDE_IN_FRAMEWORK_HEADER = YES;
				CLANG_WARN_RANGE_LOOP_ANALYSIS = YES;
				CLANG_WARN_STRICT_PROTOTYPES = YES;
				CLANG_WARN_SUSPICIOUS_MOVE = YES;
				CLANG_WARN_UNGUARDED_AVAILABILITY = YES_AGGRESSIVE;
				CLANG_WARN_UNREACHABLE_CODE = YES;
				CLANG_WARN__DUPLICATE_METHOD_MATCH = YES;
				COPY_PHASE_STRIP = NO;
				DEBUG_INFORMATION_FORMAT = dwarf;
				ENABLE_STRICT_OBJC_MSGSEND = YES;
				ENABLE_TESTABILITY = YES;
				GCC_C_LANGUAGE_STANDARD = gnu11;
				GCC_DYNAMIC_NO_PIC = NO;
				GCC_NO_COMMON_BLOCKS = YES;
				GCC_OPTIMIZATION_LEVEL = 0;
				GCC_PREPROCESSOR_DEFINITIONS = (
					"DEBUG=1",
					"$(inherited)",
				);
				GCC_WARN_64_TO_32_BIT_CONVERSION = YES;
				GCC_WARN_ABOUT_RETURN_TYPE = YES_ERROR;
				GCC_WARN_UNDECLARED_SELECTOR = YES;
				GCC_WARN_UNINITIALIZED_AUTOS = YES_AGGRESSIVE;
				GCC_WARN_UNUSED_FUNCTION = YES;
				GCC_WARN_UNUSED_VARIABLE = YES;
				IPHONEOS_DEPLOYMENT_TARGET = 15.4;
				MTL_ENABLE_DEBUG_INFO = INCLUDE_SOURCE;
				MTL_FAST_MATH = YES;
				ONLY_ACTIVE_ARCH = YES;
				SDKROOT = iphoneos;
				SWIFT_ACTIVE_COMPILATION_CONDITIONS = DEBUG;
				SWIFT_OPTIMIZATION_LEVEL = "-Onone";
			};
			name = Debug;
		};
		9D499BF627FDA761007B4647 /* Release */ = {
			isa = XCBuildConfiguration;
			buildSettings = {
				ALWAYS_SEARCH_USER_PATHS = NO;
				CLANG_ANALYZER_NONNULL = YES;
				CLANG_ANALYZER_NUMBER_OBJECT_CONVERSION = YES_AGGRESSIVE;
				CLANG_CXX_LANGUAGE_STANDARD = "gnu++17";
				CLANG_ENABLE_MODULES = YES;
				CLANG_ENABLE_OBJC_ARC = YES;
				CLANG_ENABLE_OBJC_WEAK = YES;
				CLANG_WARN_BLOCK_CAPTURE_AUTORELEASING = YES;
				CLANG_WARN_BOOL_CONVERSION = YES;
				CLANG_WARN_COMMA = YES;
				CLANG_WARN_CONSTANT_CONVERSION = YES;
				CLANG_WARN_DEPRECATED_OBJC_IMPLEMENTATIONS = YES;
				CLANG_WARN_DIRECT_OBJC_ISA_USAGE = YES_ERROR;
				CLANG_WARN_DOCUMENTATION_COMMENTS = YES;
				CLANG_WARN_EMPTY_BODY = YES;
				CLANG_WARN_ENUM_CONVERSION = YES;
				CLANG_WARN_INFINITE_RECURSION = YES;
				CLANG_WARN_INT_CONVERSION = YES;
				CLANG_WARN_NON_LITERAL_NULL_CONVERSION = YES;
				CLANG_WARN_OBJC_IMPLICIT_RETAIN_SELF = YES;
				CLANG_WARN_OBJC_LITERAL_CONVERSION = YES;
				CLANG_WARN_OBJC_ROOT_CLASS = YES_ERROR;
				CLANG_WARN_QUOTED_INCLUDE_IN_FRAMEWORK_HEADER = YES;
				CLANG_WARN_RANGE_LOOP_ANALYSIS = YES;
				CLANG_WARN_STRICT_PROTOTYPES = YES;
				CLANG_WARN_SUSPICIOUS_MOVE = YES;
				CLANG_WARN_UNGUARDED_AVAILABILITY = YES_AGGRESSIVE;
				CLANG_WARN_UNREACHABLE_CODE = YES;
				CLANG_WARN__DUPLICATE_METHOD_MATCH = YES;
				COPY_PHASE_STRIP = NO;
				DEBUG_INFORMATION_FORMAT = "dwarf-with-dsym";
				ENABLE_NS_ASSERTIONS = NO;
				ENABLE_STRICT_OBJC_MSGSEND = YES;
				GCC_C_LANGUAGE_STANDARD = gnu11;
				GCC_NO_COMMON_BLOCKS = YES;
				GCC_WARN_64_TO_32_BIT_CONVERSION = YES;
				GCC_WARN_ABOUT_RETURN_TYPE = YES_ERROR;
				GCC_WARN_UNDECLARED_SELECTOR = YES;
				GCC_WARN_UNINITIALIZED_AUTOS = YES_AGGRESSIVE;
				GCC_WARN_UNUSED_FUNCTION = YES;
				GCC_WARN_UNUSED_VARIABLE = YES;
				IPHONEOS_DEPLOYMENT_TARGET = 15.4;
				MTL_ENABLE_DEBUG_INFO = NO;
				MTL_FAST_MATH = YES;
				SDKROOT = iphoneos;
				SWIFT_COMPILATION_MODE = wholemodule;
				SWIFT_OPTIMIZATION_LEVEL = "-O";
				VALIDATE_PRODUCT = YES;
			};
			name = Release;
		};
		9D499BF827FDA761007B4647 /* Debug */ = {
			isa = XCBuildConfiguration;
			baseConfigurationReference = 3E42B99017578393938FBB86 /* Pods-instagramClone.debug.xcconfig */;
			buildSettings = {
				ASSETCATALOG_COMPILER_APPICON_NAME = AppIcon;
				ASSETCATALOG_COMPILER_GLOBAL_ACCENT_COLOR_NAME = AccentColor;
				CODE_SIGN_STYLE = Automatic;
				CURRENT_PROJECT_VERSION = 1;
				DEVELOPMENT_TEAM = L75KFH9TYV;
				GENERATE_INFOPLIST_FILE = YES;
				INFOPLIST_FILE = instagramClone/Info.plist;
				INFOPLIST_KEY_UIApplicationSupportsIndirectInputEvents = YES;
				INFOPLIST_KEY_UILaunchStoryboardName = LaunchScreen;
				INFOPLIST_KEY_UIMainStoryboardFile = Main;
				INFOPLIST_KEY_UISupportedInterfaceOrientations_iPad = "UIInterfaceOrientationPortrait UIInterfaceOrientationPortraitUpsideDown UIInterfaceOrientationLandscapeLeft UIInterfaceOrientationLandscapeRight";
				INFOPLIST_KEY_UISupportedInterfaceOrientations_iPhone = "UIInterfaceOrientationPortrait UIInterfaceOrientationLandscapeLeft UIInterfaceOrientationLandscapeRight";
				LD_RUNPATH_SEARCH_PATHS = (
					"$(inherited)",
					"@executable_path/Frameworks",
				);
				MARKETING_VERSION = 1.0;
				PRODUCT_BUNDLE_IDENTIFIER = com.tutorial.instagramClone;
				PRODUCT_NAME = "$(TARGET_NAME)";
				SWIFT_EMIT_LOC_STRINGS = YES;
				SWIFT_VERSION = 5.0;
				TARGETED_DEVICE_FAMILY = "1,2";
			};
			name = Debug;
		};
		9D499BF927FDA761007B4647 /* Release */ = {
			isa = XCBuildConfiguration;
			baseConfigurationReference = FB88096FDBF51C2F26839B3E /* Pods-instagramClone.release.xcconfig */;
			buildSettings = {
				ASSETCATALOG_COMPILER_APPICON_NAME = AppIcon;
				ASSETCATALOG_COMPILER_GLOBAL_ACCENT_COLOR_NAME = AccentColor;
				CODE_SIGN_STYLE = Automatic;
				CURRENT_PROJECT_VERSION = 1;
				DEVELOPMENT_TEAM = L75KFH9TYV;
				GENERATE_INFOPLIST_FILE = YES;
				INFOPLIST_FILE = instagramClone/Info.plist;
				INFOPLIST_KEY_UIApplicationSupportsIndirectInputEvents = YES;
				INFOPLIST_KEY_UILaunchStoryboardName = LaunchScreen;
				INFOPLIST_KEY_UIMainStoryboardFile = Main;
				INFOPLIST_KEY_UISupportedInterfaceOrientations_iPad = "UIInterfaceOrientationPortrait UIInterfaceOrientationPortraitUpsideDown UIInterfaceOrientationLandscapeLeft UIInterfaceOrientationLandscapeRight";
				INFOPLIST_KEY_UISupportedInterfaceOrientations_iPhone = "UIInterfaceOrientationPortrait UIInterfaceOrientationLandscapeLeft UIInterfaceOrientationLandscapeRight";
				LD_RUNPATH_SEARCH_PATHS = (
					"$(inherited)",
					"@executable_path/Frameworks",
				);
				MARKETING_VERSION = 1.0;
				PRODUCT_BUNDLE_IDENTIFIER = com.tutorial.instagramClone;
				PRODUCT_NAME = "$(TARGET_NAME)";
				SWIFT_EMIT_LOC_STRINGS = YES;
				SWIFT_VERSION = 5.0;
				TARGETED_DEVICE_FAMILY = "1,2";
			};
			name = Release;
		};
/* End XCBuildConfiguration section */

/* Begin XCConfigurationList section */
		9D499BDE27FDA75F007B4647 /* Build configuration list for PBXProject "instagramClone" */ = {
			isa = XCConfigurationList;
			buildConfigurations = (
				9D499BF527FDA761007B4647 /* Debug */,
				9D499BF627FDA761007B4647 /* Release */,
			);
			defaultConfigurationIsVisible = 0;
			defaultConfigurationName = Release;
		};
		9D499BF727FDA761007B4647 /* Build configuration list for PBXNativeTarget "instagramClone" */ = {
			isa = XCConfigurationList;
			buildConfigurations = (
				9D499BF827FDA761007B4647 /* Debug */,
				9D499BF927FDA761007B4647 /* Release */,
			);
			defaultConfigurationIsVisible = 0;
			defaultConfigurationName = Release;
		};
/* End XCConfigurationList section */
	};
	rootObject = 9D499BDB27FDA75F007B4647 /* Project object */;
}
